
Microsoft Visual Studio Solution File, Format Version 12.00
# Visual Studio Version 16
VisualStudioVersion = 16.0.30717.126
MinimumVisualStudioVersion = 10.0.40219.1
Project("{FAE04EC0-301F-11D3-BF4B-00C04F79EFBC}") = "Cookie Clicker", "Cookies\Cookie Clicker.csproj", "{AD9C9CB5-FD96-4FC0-86EC-CB22E3CA38FE}"
EndProject
Global
	GlobalSection(SolutionConfigurationPlatforms) = preSolution
		Debug|Any CPU = Debug|Any CPU
		Release|Any CPU = Release|Any CPU
	EndGlobalSection
	GlobalSection(ProjectConfigurationPlatforms) = postSolution
		{AD9C9CB5-FD96-4FC0-86EC-CB22E3CA38FE}.Debug|Any CPU.ActiveCfg = Debug|Any CPU
		{AD9C9CB5-FD96-4FC0-86EC-CB22E3CA38FE}.Debug|Any CPU.Build.0 = Debug|Any CPU
		{AD9C9CB5-FD96-4FC0-86EC-CB22E3CA38FE}.Release|Any CPU.ActiveCfg = Release|Any CPU
		{AD9C9CB5-FD96-4FC0-86EC-CB22E3CA38FE}.Release|Any CPU.Build.0 = Release|Any CPU
	EndGlobalSection
	GlobalSection(SolutionProperties) = preSolution
		HideSolutionNode = FALSE
	EndGlobalSection
	GlobalSection(ExtensibilityGlobals) = postSolution
		SolutionGuid = {8DD4DF4E-8CC3-43E7-B9E0-A5823908E41C}
	EndGlobalSection
EndGlobal
